
Microsoft Visual Studio Solution File, Format Version 12.00
# Visual Studio Version 16
VisualStudioVersion = 16.0.31205.134
MinimumVisualStudioVersion = 10.0.40219.1
Project("{FAE04EC0-301F-11D3-BF4B-00C04F79EFBC}") = "EntityFrameworkCore", "EntityFrameworkCore\EntityFrameworkCore.csproj", "{263D8881-5253-40DD-BAED-DFC0B3F1B83A}"
EndProject
Global
	GlobalSection(SolutionConfigurationPlatforms) = preSolution
		Debug|Any CPU = Debug|Any CPU
		Release|Any CPU = Release|Any CPU
	EndGlobalSection
	GlobalSection(ProjectConfigurationPlatforms) = postSolution
		{263D8881-5253-40DD-BAED-DFC0B3F1B83A}.Debug|Any CPU.ActiveCfg = Debug|Any CPU
		{263D8881-5253-40DD-BAED-DFC0B3F1B83A}.Debug|Any CPU.Build.0 = Debug|Any CPU
		{263D8881-5253-40DD-BAED-DFC0B3F1B83A}.Release|Any CPU.ActiveCfg = Release|Any CPU
		{263D8881-5253-40DD-BAED-DFC0B3F1B83A}.Release|Any CPU.Build.0 = Release|Any CPU
	EndGlobalSection
	GlobalSection(SolutionProperties) = preSolution
		HideSolutionNode = FALSE
	EndGlobalSection
	GlobalSection(ExtensibilityGlobals) = postSolution
		SolutionGuid = {F4F65241-63A6-4370-ABBF-0EAF5B51A480}
	EndGlobalSection
EndGlobal
